// !$*UTF8*$!
{
	archiveVersion = 1;
	classes = {
	};
	objectVersion = 56;
	objects = {

/* Begin PBXBuildFile section */
		1FA9CBE32AE87A7E00938123 /* ACT7App.swift in Sources */ = {isa = PBXBuildFile; fileRef = 1FA9CBE22AE87A7E00938123 /* ACT7App.swift */; };
		1FA9CBE52AE87A7E00938123 /* ContentView.swift in Sources */ = {isa = PBXBuildFile; fileRef = 1FA9CBE42AE87A7E00938123 /* ContentView.swift */; };
		1FA9CBE72AE87A8000938123 /* Assets.xcassets in Resources */ = {isa = PBXBuildFile; fileRef = 1FA9CBE62AE87A8000938123 /* Assets.xcassets */; };
		1FA9CBEA2AE87A8000938123 /* Preview Assets.xcassets in Resources */ = {isa = PBXBuildFile; fileRef = 1FA9CBE92AE87A8000938123 /* Preview Assets.xcassets */; };
		1FA9CBF42AE87A8000938123 /* ACT7Tests.swift in Sources */ = {isa = PBXBuildFile; fileRef = 1FA9CBF32AE87A8000938123 /* ACT7Tests.swift */; };
		1FA9CBFE2AE87A8000938123 /* ACT7UITests.swift in Sources */ = {isa = PBXBuildFile; fileRef = 1FA9CBFD2AE87A8000938123 /* ACT7UITests.swift */; };
		1FA9CC002AE87A8000938123 /* ACT7UITestsLaunchTests.swift in Sources */ = {isa = PBXBuildFile; fileRef = 1FA9CBFF2AE87A8000938123 /* ACT7UITestsLaunchTests.swift */; };
		1FA9CC0D2AE87AFC00938123 /* Product.swift in Sources */ = {isa = PBXBuildFile; fileRef = 1FA9CC0C2AE87AFC00938123 /* Product.swift */; };
		1FA9CC112AE87B6C00938123 /* ListItemsView.swift in Sources */ = {isa = PBXBuildFile; fileRef = 1FA9CC102AE87B6C00938123 /* ListItemsView.swift */; };
		1FA9CC132AE87B8F00938123 /* ItemView.swift in Sources */ = {isa = PBXBuildFile; fileRef = 1FA9CC122AE87B8F00938123 /* ItemView.swift */; };
		1FA9CC152AE87BB800938123 /* BtnMenuView.swift in Sources */ = {isa = PBXBuildFile; fileRef = 1FA9CC142AE87BB800938123 /* BtnMenuView.swift */; };
/* End PBXBuildFile section */

/* Begin PBXContainerItemProxy section */
		1FA9CBF02AE87A8000938123 /* PBXContainerItemProxy */ = {
			isa = PBXContainerItemProxy;
			containerPortal = 1FA9CBD72AE87A7E00938123 /* Project object */;
			proxyType = 1;
			remoteGlobalIDString = 1FA9CBDE2AE87A7E00938123;
			remoteInfo = ACT7;
		};
		1FA9CBFA2AE87A8000938123 /* PBXContainerItemProxy */ = {
			isa = PBXContainerItemProxy;
			containerPortal = 1FA9CBD72AE87A7E00938123 /* Project object */;
			proxyType = 1;
			remoteGlobalIDString = 1FA9CBDE2AE87A7E00938123;
			remoteInfo = ACT7;
		};
/* End PBXContainerItemProxy section */

/* Begin PBXFileReference section */
		1FA9CBDF2AE87A7E00938123 /* ACT7.app */ = {isa = PBXFileReference; explicitFileType = wrapper.application; includeInIndex = 0; path = ACT7.app; sourceTree = BUILT_PRODUCTS_DIR; };
		1FA9CBE22AE87A7E00938123 /* ACT7App.swift */ = {isa = PBXFileReference; lastKnownFileType = sourcecode.swift; path = ACT7App.swift; sourceTree = "<group>"; };
		1FA9CBE42AE87A7E00938123 /* ContentView.swift */ = {isa = PBXFileReference; lastKnownFileType = sourcecode.swift; path = ContentView.swift; sourceTree = "<group>"; };
		1FA9CBE62AE87A8000938123 /* Assets.xcassets */ = {isa = PBXFileReference; lastKnownFileType = folder.assetcatalog; path = Assets.xcassets; sourceTree = "<group>"; };
		1FA9CBE92AE87A8000938123 /* Preview Assets.xcassets */ = {isa = PBXFileReference; lastKnownFileType = folder.assetcatalog; path = "Preview Assets.xcassets"; sourceTree = "<group>"; };
		1FA9CBEF2AE87A8000938123 /* ACT7Tests.xctest */ = {isa = PBXFileReference; explicitFileType = wrapper.cfbundle; includeInIndex = 0; path = ACT7Tests.xctest; sourceTree = BUILT_PRODUCTS_DIR; };
		1FA9CBF32AE87A8000938123 /* ACT7Tests.swift */ = {isa = PBXFileReference; lastKnownFileType = sourcecode.swift; path = ACT7Tests.swift; sourceTree = "<group>"; };
		1FA9CBF92AE87A8000938123 /* ACT7UITests.xctest */ = {isa = PBXFileReference; explicitFileType = wrapper.cfbundle; includeInIndex = 0; path = ACT7UITests.xctest; sourceTree = BUILT_PRODUCTS_DIR; };
		1FA9CBFD2AE87A8000938123 /* ACT7UITests.swift */ = {isa = PBXFileReference; lastKnownFileType = sourcecode.swift; path = ACT7UITests.swift; sourceTree = "<group>"; };
		1FA9CBFF2AE87A8000938123 /* ACT7UITestsLaunchTests.swift */ = {isa = PBXFileReference; lastKnownFileType = sourcecode.swift; path = ACT7UITestsLaunchTests.swift; sourceTree = "<group>"; };
		1FA9CC0C2AE87AFC00938123 /* Product.swift */ = {isa = PBXFileReference; lastKnownFileType = sourcecode.swift; path = Product.swift; sourceTree = "<group>"; };
		1FA9CC102AE87B6C00938123 /* ListItemsView.swift */ = {isa = PBXFileReference; lastKnownFileType = sourcecode.swift; path = ListItemsView.swift; sourceTree = "<group>"; };
		1FA9CC122AE87B8F00938123 /* ItemView.swift */ = {isa = PBXFileReference; lastKnownFileType = sourcecode.swift; path = ItemView.swift; sourceTree = "<group>"; };
		1FA9CC142AE87BB800938123 /* BtnMenuView.swift */ = {isa = PBXFileReference; lastKnownFileType = sourcecode.swift; path = BtnMenuView.swift; sourceTree = "<group>"; };
/* End PBXFileReference section */

/* Begin PBXFrameworksBuildPhase section */
		1FA9CBDC2AE87A7E00938123 /* Frameworks */ = {
			isa = PBXFrameworksBuildPhase;
			buildActionMask = 2147483647;
			files = (
			);
			runOnlyForDeploymentPostprocessing = 0;
		};
		1FA9CBEC2AE87A8000938123 /* Frameworks */ = {
			isa = PBXFrameworksBuildPhase;
			buildActionMask = 2147483647;
			files = (
			);
			runOnlyForDeploymentPostprocessing = 0;
		};
		1FA9CBF62AE87A8000938123 /* Frameworks */ = {
			isa = PBXFrameworksBuildPhase;
			buildActionMask = 2147483647;
			files = (
			);
			runOnlyForDeploymentPostprocessing = 0;
		};
/* End PBXFrameworksBuildPhase section */

/* Begin PBXGroup section */
		1FA9CBD62AE87A7E00938123 = {
			isa = PBXGroup;
			children = (
				1FA9CBE12AE87A7E00938123 /* ACT7 */,
				1FA9CBF22AE87A8000938123 /* ACT7Tests */,
				1FA9CBFC2AE87A8000938123 /* ACT7UITests */,
				1FA9CBE02AE87A7E00938123 /* Products */,
			);
			sourceTree = "<group>";
		};
		1FA9CBE02AE87A7E00938123 /* Products */ = {
			isa = PBXGroup;
			children = (
				1FA9CBDF2AE87A7E00938123 /* ACT7.app */,
				1FA9CBEF2AE87A8000938123 /* ACT7Tests.xctest */,
				1FA9CBF92AE87A8000938123 /* ACT7UITests.xctest */,
			);
			name = Products;
			sourceTree = "<group>";
		};
		1FA9CBE12AE87A7E00938123 /* ACT7 */ = {
			isa = PBXGroup;
			children = (
				1FA9CBE22AE87A7E00938123 /* ACT7App.swift */,
				1FA9CC0C2AE87AFC00938123 /* Product.swift */,
				1FA9CBE42AE87A7E00938123 /* ContentView.swift */,
				1FA9CC102AE87B6C00938123 /* ListItemsView.swift */,
				1FA9CC122AE87B8F00938123 /* ItemView.swift */,
				1FA9CC142AE87BB800938123 /* BtnMenuView.swift */,
				1FA9CBE62AE87A8000938123 /* Assets.xcassets */,
				1FA9CBE82AE87A8000938123 /* Preview Content */,
			);
			path = ACT7;
			sourceTree = "<group>";
		};
		1FA9CBE82AE87A8000938123 /* Preview Content */ = {
			isa = PBXGroup;
			children = (
				1FA9CBE92AE87A8000938123 /* Preview Assets.xcassets */,
			);
			path = "Preview Content";
			sourceTree = "<group>";
		};
		1FA9CBF22AE87A8000938123 /* ACT7Tests */ = {
			isa = PBXGroup;
			children = (
				1FA9CBF32AE87A8000938123 /* ACT7Tests.swift */,
			);
			path = ACT7Tests;
			sourceTree = "<group>";
		};
		1FA9CBFC2AE87A8000938123 /* ACT7UITests */ = {
			isa = PBXGroup;
			children = (
				1FA9CBFD2AE87A8000938123 /* ACT7UITests.swift */,
				1FA9CBFF2AE87A8000938123 /* ACT7UITestsLaunchTests.swift */,
			);
			path = ACT7UITests;
			sourceTree = "<group>";
		};
/* End PBXGroup section */

/* Begin PBXNativeTarget section */
		1FA9CBDE2AE87A7E00938123 /* ACT7 */ = {
			isa = PBXNativeTarget;
			buildConfigurationList = 1FA9CC032AE87A8000938123 /* Build configuration list for PBXNativeTarget "ACT7" */;
			buildPhases = (
				1FA9CBDB2AE87A7E00938123 /* Sources */,
				1FA9CBDC2AE87A7E00938123 /* Frameworks */,
				1FA9CBDD2AE87A7E00938123 /* Resources */,
			);
			buildRules = (
			);
			dependencies = (
			);
			name = ACT7;
			productName = ACT7;
			productReference = 1FA9CBDF2AE87A7E00938123 /* ACT7.app */;
			productType = "com.apple.product-type.application";
		};
		1FA9CBEE2AE87A8000938123 /* ACT7Tests */ = {
			isa = PBXNativeTarget;
			buildConfigurationList = 1FA9CC062AE87A8000938123 /* Build configuration list for PBXNativeTarget "ACT7Tests" */;
			buildPhases = (
				1FA9CBEB2AE87A8000938123 /* Sources */,
				1FA9CBEC2AE87A8000938123 /* Frameworks */,
				1FA9CBED2AE87A8000938123 /* Resources */,
			);
			buildRules = (
			);
			dependencies = (
				1FA9CBF12AE87A8000938123 /* PBXTargetDependency */,
			);
			name = ACT7Tests;
			productName = ACT7Tests;
			productReference = 1FA9CBEF2AE87A8000938123 /* ACT7Tests.xctest */;
			productType = "com.apple.product-type.bundle.unit-test";
		};
		1FA9CBF82AE87A8000938123 /* ACT7UITests */ = {
			isa = PBXNativeTarget;
			buildConfigurationList = 1FA9CC092AE87A8000938123 /* Build configuration list for PBXNativeTarget "ACT7UITests" */;
			buildPhases = (
				1FA9CBF52AE87A8000938123 /* Sources */,
				1FA9CBF62AE87A8000938123 /* Frameworks */,
				1FA9CBF72AE87A8000938123 /* Resources */,
			);
			buildRules = (
			);
			dependencies = (
				1FA9CBFB2AE87A8000938123 /* PBXTargetDependency */,
			);
			name = ACT7UITests;
			productName = ACT7UITests;
			productReference = 1FA9CBF92AE87A8000938123 /* ACT7UITests.xctest */;
			productType = "com.apple.product-type.bundle.ui-testing";
		};
/* End PBXNativeTarget section */

/* Begin PBXProject section */
		1FA9CBD72AE87A7E00938123 /* Project object */ = {
			isa = PBXProject;
			attributes = {
				BuildIndependentTargetsInParallel = 1;
				LastSwiftUpdateCheck = 1420;
				LastUpgradeCheck = 1420;
				TargetAttributes = {
					1FA9CBDE2AE87A7E00938123 = {
						CreatedOnToolsVersion = 14.2;
					};
					1FA9CBEE2AE87A8000938123 = {
						CreatedOnToolsVersion = 14.2;
						TestTargetID = 1FA9CBDE2AE87A7E00938123;
					};
					1FA9CBF82AE87A8000938123 = {
						CreatedOnToolsVersion = 14.2;
						TestTargetID = 1FA9CBDE2AE87A7E00938123;
					};
				};
			};
			buildConfigurationList = 1FA9CBDA2AE87A7E00938123 /* Build configuration list for PBXProject "ACT7" */;
			compatibilityVersion = "Xcode 14.0";
			developmentRegion = en;
			hasScannedForEncodings = 0;
			knownRegions = (
				en,
				Base,
			);
			mainGroup = 1FA9CBD62AE87A7E00938123;
			productRefGroup = 1FA9CBE02AE87A7E00938123 /* Products */;
			projectDirPath = "";
			projectRoot = "";
			targets = (
				1FA9CBDE2AE87A7E00938123 /* ACT7 */,
				1FA9CBEE2AE87A8000938123 /* ACT7Tests */,
				1FA9CBF82AE87A8000938123 /* ACT7UITests */,
			);
		};
/* End PBXProject section */

/* Begin PBXResourcesBuildPhase section */
		1FA9CBDD2AE87A7E00938123 /* Resources */ = {
			isa = PBXResourcesBuildPhase;
			buildActionMask = 2147483647;
			files = (
				1FA9CBEA2AE87A8000938123 /* Preview Assets.xcassets in Resources */,
				1FA9CBE72AE87A8000938123 /* Assets.xcassets in Resources */,
			);
			runOnlyForDeploymentPostprocessing = 0;
		};
		1FA9CBED2AE87A8000938123 /* Resources */ = {
			isa = PBXResourcesBuildPhase;
			buildActionMask = 2147483647;
			files = (
			);
			runOnlyForDeploymentPostprocessing = 0;
		};
		1FA9CBF72AE87A8000938123 /* Resources */ = {
			isa = PBXResourcesBuildPhase;
			buildActionMask = 2147483647;
			files = (
			);
			runOnlyForDeploymentPostprocessing = 0;
		};
/* End PBXResourcesBuildPhase section */

/* Begin PBXSourcesBuildPhase section */
		1FA9CBDB2AE87A7E00938123 /* Sources */ = {
			isa = PBXSourcesBuildPhase;
			buildActionMask = 2147483647;
			files = (
				1FA9CBE52AE87A7E00938123 /* ContentView.swift in Sources */,
				1FA9CBE32AE87A7E00938123 /* ACT7App.swift in Sources */,
				1FA9CC0D2AE87AFC00938123 /* Product.swift in Sources */,
				1FA9CC132AE87B8F00938123 /* ItemView.swift in Sources */,
				1FA9CC152AE87BB800938123 /* BtnMenuView.swift in Sources */,
				1FA9CC112AE87B6C00938123 /* ListItemsView.swift in Sources */,
			);
			runOnlyForDeploymentPostprocessing = 0;
		};
		1FA9CBEB2AE87A8000938123 /* Sources */ = {
			isa = PBXSourcesBuildPhase;
			buildActionMask = 2147483647;
			files = (
				1FA9CBF42AE87A8000938123 /* ACT7Tests.swift in Sources */,
			);
			runOnlyForDeploymentPostprocessing = 0;
		};
		1FA9CBF52AE87A8000938123 /* Sources */ = {
			isa = PBXSourcesBuildPhase;
			buildActionMask = 2147483647;
			files = (
				1FA9CBFE2AE87A8000938123 /* ACT7UITests.swift in Sources */,
				1FA9CC002AE87A8000938123 /* ACT7UITestsLaunchTests.swift in Sources */,
			);
			runOnlyForDeploymentPostprocessing = 0;
		};
/* End PBXSourcesBuildPhase section */

/* Begin PBXTargetDependency section */
		1FA9CBF12AE87A8000938123 /* PBXTargetDependency */ = {
			isa = PBXTargetDependency;
			target = 1FA9CBDE2AE87A7E00938123 /* ACT7 */;
			targetProxy = 1FA9CBF02AE87A8000938123 /* PBXContainerItemProxy */;
		};
		1FA9CBFB2AE87A8000938123 /* PBXTargetDependency */ = {
			isa = PBXTargetDependency;
			target = 1FA9CBDE2AE87A7E00938123 /* ACT7 */;
			targetProxy = 1FA9CBFA2AE87A8000938123 /* PBXContainerItemProxy */;
		};
/* End PBXTargetDependency section */

/* Begin XCBuildConfiguration section */
		1FA9CC012AE87A8000938123 /* Debug */ = {
			isa = XCBuildConfiguration;
			buildSettings = {
				ALWAYS_SEARCH_USER_PATHS = NO;
				CLANG_ANALYZER_NONNULL = YES;
				CLANG_ANALYZER_NUMBER_OBJECT_CONVERSION = YES_AGGRESSIVE;
				CLANG_CXX_LANGUAGE_STANDARD = "gnu++20";
				CLANG_ENABLE_MODULES = YES;
				CLANG_ENABLE_OBJC_ARC = YES;
				CLANG_ENABLE_OBJC_WEAK = YES;
				CLANG_WARN_BLOCK_CAPTURE_AUTORELEASING = YES;
				CLANG_WARN_BOOL_CONVERSION = YES;
				CLANG_WARN_COMMA = YES;
				CLANG_WARN_CONSTANT_CONVERSION = YES;
				CLANG_WARN_DEPRECATED_OBJC_IMPLEMENTATIONS = YES;
				CLANG_WARN_DIRECT_OBJC_ISA_USAGE = YES_ERROR;
				CLANG_WARN_DOCUMENTATION_COMMENTS = YES;
				CLANG_WARN_EMPTY_BODY = YES;
				CLANG_WARN_ENUM_CONVERSION = YES;
				CLANG_WARN_INFINITE_RECURSION = YES;
				CLANG_WARN_INT_CONVERSION = YES;
				CLANG_WARN_NON_LITERAL_NULL_CONVERSION = YES;
				CLANG_WARN_OBJC_IMPLICIT_RETAIN_SELF = YES;
				CLANG_WARN_OBJC_LITERAL_CONVERSION = YES;
				CLANG_WARN_OBJC_ROOT_CLASS = YES_ERROR;
				CLANG_WARN_QUOTED_INCLUDE_IN_FRAMEWORK_HEADER = YES;
				CLANG_WARN_RANGE_LOOP_ANALYSIS = YES;
				CLANG_WARN_STRICT_PROTOTYPES = YES;
				CLANG_WARN_SUSPICIOUS_MOVE = YES;
				CLANG_WARN_UNGUARDED_AVAILABILITY = YES_AGGRESSIVE;
				CLANG_WARN_UNREACHABLE_CODE = YES;
				CLANG_WARN__DUPLICATE_METHOD_MATCH = YES;
				COPY_PHASE_STRIP = NO;
				DEBUG_INFORMATION_FORMAT = dwarf;
				ENABLE_STRICT_OBJC_MSGSEND = YES;
				ENABLE_TESTABILITY = YES;
				GCC_C_LANGUAGE_STANDARD = gnu11;
				GCC_DYNAMIC_NO_PIC = NO;
				GCC_NO_COMMON_BLOCKS = YES;
				GCC_OPTIMIZATION_LEVEL = 0;
				GCC_PREPROCESSOR_DEFINITIONS = (
					"DEBUG=1",
					"$(inherited)",
				);
				GCC_WARN_64_TO_32_BIT_CONVERSION = YES;
				GCC_WARN_ABOUT_RETURN_TYPE = YES_ERROR;
				GCC_WARN_UNDECLARED_SELECTOR = YES;
				GCC_WARN_UNINITIALIZED_AUTOS = YES_AGGRESSIVE;
				GCC_WARN_UNUSED_FUNCTION = YES;
				GCC_WARN_UNUSED_VARIABLE = YES;
				IPHONEOS_DEPLOYMENT_TARGET = 16.2;
				MTL_ENABLE_DEBUG_INFO = INCLUDE_SOURCE;
				MTL_FAST_MATH = YES;
				ONLY_ACTIVE_ARCH = YES;
				SDKROOT = iphoneos;
				SWIFT_ACTIVE_COMPILATION_CONDITIONS = DEBUG;
				SWIFT_OPTIMIZATION_LEVEL = "-Onone";
			};
			name = Debug;
		};
		1FA9CC022AE87A8000938123 /* Release */ = {
			isa = XCBuildConfiguration;
			buildSettings = {
				ALWAYS_SEARCH_USER_PATHS = NO;
				CLANG_ANALYZER_NONNULL = YES;
				CLANG_ANALYZER_NUMBER_OBJECT_CONVERSION = YES_AGGRESSIVE;
				CLANG_CXX_LANGUAGE_STANDARD = "gnu++20";
				CLANG_ENABLE_MODULES = YES;
				CLANG_ENABLE_OBJC_ARC = YES;
				CLANG_ENABLE_OBJC_WEAK = YES;
				CLANG_WARN_BLOCK_CAPTURE_AUTORELEASING = YES;
				CLANG_WARN_BOOL_CONVERSION = YES;
				CLANG_WARN_COMMA = YES;
				CLANG_WARN_CONSTANT_CONVERSION = YES;
				CLANG_WARN_DEPRECATED_OBJC_IMPLEMENTATIONS = YES;
				CLANG_WARN_DIRECT_OBJC_ISA_USAGE = YES_ERROR;
				CLANG_WARN_DOCUMENTATION_COMMENTS = YES;
				CLANG_WARN_EMPTY_BODY = YES;
				CLANG_WARN_ENUM_CONVERSION = YES;
				CLANG_WARN_INFINITE_RECURSION = YES;
				CLANG_WARN_INT_CONVERSION = YES;
				CLANG_WARN_NON_LITERAL_NULL_CONVERSION = YES;
				CLANG_WARN_OBJC_IMPLICIT_RETAIN_SELF = YES;
				CLANG_WARN_OBJC_LITERAL_CONVERSION = YES;
				CLANG_WARN_OBJC_ROOT_CLASS = YES_ERROR;
				CLANG_WARN_QUOTED_INCLUDE_IN_FRAMEWORK_HEADER = YES;
				CLANG_WARN_RANGE_LOOP_ANALYSIS = YES;
				CLANG_WARN_STRICT_PROTOTYPES = YES;
				CLANG_WARN_SUSPICIOUS_MOVE = YES;
				CLANG_WARN_UNGUARDED_AVAILABILITY = YES_AGGRESSIVE;
				CLANG_WARN_UNREACHABLE_CODE = YES;
				CLANG_WARN__DUPLICATE_METHOD_MATCH = YES;
				COPY_PHASE_STRIP = NO;
				DEBUG_INFORMATION_FORMAT = "dwarf-with-dsym";
				ENABLE_NS_ASSERTIONS = NO;
				ENABLE_STRICT_OBJC_MSGSEND = YES;
				GCC_C_LANGUAGE_STANDARD = gnu11;
				GCC_NO_COMMON_BLOCKS = YES;
				GCC_WARN_64_TO_32_BIT_CONVERSION = YES;
				GCC_WARN_ABOUT_RETURN_TYPE = YES_ERROR;
				GCC_WARN_UNDECLARED_SELECTOR = YES;
				GCC_WARN_UNINITIALIZED_AUTOS = YES_AGGRESSIVE;
				GCC_WARN_UNUSED_FUNCTION = YES;
				GCC_WARN_UNUSED_VARIABLE = YES;
				IPHONEOS_DEPLOYMENT_TARGET = 16.2;
				MTL_ENABLE_DEBUG_INFO = NO;
				MTL_FAST_MATH = YES;
				SDKROOT = iphoneos;
				SWIFT_COMPILATION_MODE = wholemodule;
				SWIFT_OPTIMIZATION_LEVEL = "-O";
				VALIDATE_PRODUCT = YES;
			};
			name = Release;
		};
		1FA9CC042AE87A8000938123 /* Debug */ = {
			isa = XCBuildConfiguration;
			buildSettings = {
				ASSETCATALOG_COMPILER_APPICON_NAME = AppIcon;
				ASSETCATALOG_COMPILER_GLOBAL_ACCENT_COLOR_NAME = AccentColor;
				CODE_SIGN_STYLE = Automatic;
				CURRENT_PROJECT_VERSION = 1;
				DEVELOPMENT_ASSET_PATHS = "\"ACT7/Preview Content\"";
				ENABLE_PREVIEWS = YES;
				GENERATE_INFOPLIST_FILE = YES;
				INFOPLIST_KEY_UIApplicationSceneManifest_Generation = YES;
				INFOPLIST_KEY_UIApplicationSupportsIndirectInputEvents = YES;
				INFOPLIST_KEY_UILaunchScreen_Generation = YES;
				INFOPLIST_KEY_UISupportedInterfaceOrientations_iPad = "UIInterfaceOrientationPortrait UIInterfaceOrientationPortraitUpsideDown UIInterfaceOrientationLandscapeLeft UIInterfaceOrientationLandscapeRight";
				INFOPLIST_KEY_UISupportedInterfaceOrientations_iPhone = "UIInterfaceOrientationPortrait UIInterfaceOrientationLandscapeLeft UIInterfaceOrientationLandscapeRight";
				LD_RUNPATH_SEARCH_PATHS = (
					"$(inherited)",
					"@executable_path/Frameworks",
				);
				MARKETING_VERSION = 1.0;
				PRODUCT_BUNDLE_IDENTIFIER = fermaguzz.ACT7;
				PRODUCT_NAME = "$(TARGET_NAME)";
				SWIFT_EMIT_LOC_STRINGS = YES;
				SWIFT_VERSION = 5.0;
				TARGETED_DEVICE_FAMILY = "1,2";
			};
			name = Debug;
		};
		1FA9CC052AE87A8000938123 /* Release */ = {
			isa = XCBuildConfiguration;
			buildSettings = {
				ASSETCATALOG_COMPILER_APPICON_NAME = AppIcon;
				ASSETCATALOG_COMPILER_GLOBAL_ACCENT_COLOR_NAME = AccentColor;
				CODE_SIGN_STYLE = Automatic;
				CURRENT_PROJECT_VERSION = 1;
				DEVELOPMENT_ASSET_PATHS = "\"ACT7/Preview Content\"";
				ENABLE_PREVIEWS = YES;
				GENERATE_INFOPLIST_FILE = YES;
				INFOPLIST_KEY_UIApplicationSceneManifest_Generation = YES;
				INFOPLIST_KEY_UIApplicationSupportsIndirectInputEvents = YES;
				INFOPLIST_KEY_UILaunchScreen_Generation = YES;
				INFOPLIST_KEY_UISupportedInterfaceOrientations_iPad = "UIInterfaceOrientationPortrait UIInterfaceOrientationPortraitUpsideDown UIInterfaceOrientationLandscapeLeft UIInterfaceOrientationLandscapeRight";
				INFOPLIST_KEY_UISupportedInterfaceOrientations_iPhone = "UIInterfaceOrientationPortrait UIInterfaceOrientationLandscapeLeft UIInterfaceOrientationLandscapeRight";
				LD_RUNPATH_SEARCH_PATHS = (
					"$(inherited)",
					"@executable_path/Frameworks",
				);
				MARKETING_VERSION = 1.0;
				PRODUCT_BUNDLE_IDENTIFIER = fermaguzz.ACT7;
				PRODUCT_NAME = "$(TARGET_NAME)";
				SWIFT_EMIT_LOC_STRINGS = YES;
				SWIFT_VERSION = 5.0;
				TARGETED_DEVICE_FAMILY = "1,2";
			};
			name = Release;
		};
		1FA9CC072AE87A8000938123 /* Debug */ = {
			isa = XCBuildConfiguration;
			buildSettings = {
				ALWAYS_EMBED_SWIFT_STANDARD_LIBRARIES = YES;
				BUNDLE_LOADER = "$(TEST_HOST)";
				CODE_SIGN_STYLE = Automatic;
				CURRENT_PROJECT_VERSION = 1;
				GENERATE_INFOPLIST_FILE = YES;
				IPHONEOS_DEPLOYMENT_TARGET = 16.2;
				MARKETING_VERSION = 1.0;
				PRODUCT_BUNDLE_IDENTIFIER = fermaguzz.ACT7Tests;
				PRODUCT_NAME = "$(TARGET_NAME)";
				SWIFT_EMIT_LOC_STRINGS = NO;
				SWIFT_VERSION = 5.0;
				TARGETED_DEVICE_FAMILY = "1,2";
				TEST_HOST = "$(BUILT_PRODUCTS_DIR)/ACT7.app/$(BUNDLE_EXECUTABLE_FOLDER_PATH)/ACT7";
			};
			name = Debug;
		};
		1FA9CC082AE87A8000938123 /* Release */ = {
			isa = XCBuildConfiguration;
			buildSettings = {
				ALWAYS_EMBED_SWIFT_STANDARD_LIBRARIES = YES;
				BUNDLE_LOADER = "$(TEST_HOST)";
				CODE_SIGN_STYLE = Automatic;
				CURRENT_PROJECT_VERSION = 1;
				GENERATE_INFOPLIST_FILE = YES;
				IPHONEOS_DEPLOYMENT_TARGET = 16.2;
				MARKETING_VERSION = 1.0;
				PRODUCT_BUNDLE_IDENTIFIER = fermaguzz.ACT7Tests;
				PRODUCT_NAME = "$(TARGET_NAME)";
				SWIFT_EMIT_LOC_STRINGS = NO;
				SWIFT_VERSION = 5.0;
				TARGETED_DEVICE_FAMILY = "1,2";
				TEST_HOST = "$(BUILT_PRODUCTS_DIR)/ACT7.app/$(BUNDLE_EXECUTABLE_FOLDER_PATH)/ACT7";
			};
			name = Release;
		};
		1FA9CC0A2AE87A8000938123 /* Debug */ = {
			isa = XCBuildConfiguration;
			buildSettings = {
				ALWAYS_EMBED_SWIFT_STANDARD_LIBRARIES = YES;
				CODE_SIGN_STYLE = Automatic;
				CURRENT_PROJECT_VERSION = 1;
				GENERATE_INFOPLIST_FILE = YES;
				MARKETING_VERSION = 1.0;
				PRODUCT_BUNDLE_IDENTIFIER = fermaguzz.ACT7UITests;
				PRODUCT_NAME = "$(TARGET_NAME)";
				SWIFT_EMIT_LOC_STRINGS = NO;
				SWIFT_VERSION = 5.0;
				TARGETED_DEVICE_FAMILY = "1,2";
				TEST_TARGET_NAME = ACT7;
			};
			name = Debug;
		};
		1FA9CC0B2AE87A8000938123 /* Release */ = {
			isa = XCBuildConfiguration;
			buildSettings = {
				ALWAYS_EMBED_SWIFT_STANDARD_LIBRARIES = YES;
				CODE_SIGN_STYLE = Automatic;
				CURRENT_PROJECT_VERSION = 1;
				GENERATE_INFOPLIST_FILE = YES;
				MARKETING_VERSION = 1.0;
				PRODUCT_BUNDLE_IDENTIFIER = fermaguzz.ACT7UITests;
				PRODUCT_NAME = "$(TARGET_NAME)";
				SWIFT_EMIT_LOC_STRINGS = NO;
				SWIFT_VERSION = 5.0;
				TARGETED_DEVICE_FAMILY = "1,2";
				TEST_TARGET_NAME = ACT7;
			};
			name = Release;
		};
/* End XCBuildConfiguration section */

/* Begin XCConfigurationList section */
		1FA9CBDA2AE87A7E00938123 /* Build configuration list for PBXProject "ACT7" */ = {
			isa = XCConfigurationList;
			buildConfigurations = (
				1FA9CC012AE87A8000938123 /* Debug */,
				1FA9CC022AE87A8000938123 /* Release */,
			);
			defaultConfigurationIsVisible = 0;
			defaultConfigurationName = Release;
		};
		1FA9CC032AE87A8000938123 /* Build configuration list for PBXNativeTarget "ACT7" */ = {
			isa = XCConfigurationList;
			buildConfigurations = (
				1FA9CC042AE87A8000938123 /* Debug */,
				1FA9CC052AE87A8000938123 /* Release */,
			);
			defaultConfigurationIsVisible = 0;
			defaultConfigurationName = Release;
		};
		1FA9CC062AE87A8000938123 /* Build configuration list for PBXNativeTarget "ACT7Tests" */ = {
			isa = XCConfigurationList;
			buildConfigurations = (
				1FA9CC072AE87A8000938123 /* Debug */,
				1FA9CC082AE87A8000938123 /* Release */,
			);
			defaultConfigurationIsVisible = 0;
			defaultConfigurationName = Release;
		};
		1FA9CC092AE87A8000938123 /* Build configuration list for PBXNativeTarget "ACT7UITests" */ = {
			isa = XCConfigurationList;
			buildConfigurations = (
				1FA9CC0A2AE87A8000938123 /* Debug */,
				1FA9CC0B2AE87A8000938123 /* Release */,
			);
			defaultConfigurationIsVisible = 0;
			defaultConfigurationName = Release;
		};
/* End XCConfigurationList section */
	};
	rootObject = 1FA9CBD72AE87A7E00938123 /* Project object */;
}
